
Microsoft Visual Studio Solution File, Format Version 12.00
# Visual Studio Version 16
VisualStudioVersion = 16.0.31702.278
MinimumVisualStudioVersion = 10.0.40219.1
Project("{FAE04EC0-301F-11D3-BF4B-00C04F79EFBC}") = "Factorial", "Factorial\Factorial.csproj", "{BF2EC39C-5DE4-48B1-BF29-6564FF37691E}"
EndProject
Project("{FAE04EC0-301F-11D3-BF4B-00C04F79EFBC}") = "UnitTests", "FactorialUnitTests\UnitTests.csproj", "{8AE92AAF-5BBE-4D50-9EBE-7CDCDDD4E32B}"
EndProject
Global
	GlobalSection(SolutionConfigurationPlatforms) = preSolution
		Debug|Any CPU = Debug|Any CPU
		Release|Any CPU = Release|Any CPU
	EndGlobalSection
	GlobalSection(ProjectConfigurationPlatforms) = postSolution
		{BF2EC39C-5DE4-48B1-BF29-6564FF37691E}.Debug|Any CPU.ActiveCfg = Debug|Any CPU
		{BF2EC39C-5DE4-48B1-BF29-6564FF37691E}.Debug|Any CPU.Build.0 = Debug|Any CPU
		{BF2EC39C-5DE4-48B1-BF29-6564FF37691E}.Release|Any CPU.ActiveCfg = Release|Any CPU
		{BF2EC39C-5DE4-48B1-BF29-6564FF37691E}.Release|Any CPU.Build.0 = Release|Any CPU
		{8AE92AAF-5BBE-4D50-9EBE-7CDCDDD4E32B}.Debug|Any CPU.ActiveCfg = Debug|Any CPU
		{8AE92AAF-5BBE-4D50-9EBE-7CDCDDD4E32B}.Debug|Any CPU.Build.0 = Debug|Any CPU
		{8AE92AAF-5BBE-4D50-9EBE-7CDCDDD4E32B}.Release|Any CPU.ActiveCfg = Release|Any CPU
		{8AE92AAF-5BBE-4D50-9EBE-7CDCDDD4E32B}.Release|Any CPU.Build.0 = Release|Any CPU
	EndGlobalSection
	GlobalSection(SolutionProperties) = preSolution
		HideSolutionNode = FALSE
	EndGlobalSection
	GlobalSection(ExtensibilityGlobals) = postSolution
		SolutionGuid = {8C4E346C-1C22-4856-93B5-37314A6231EA}
	EndGlobalSection
EndGlobal
